
Microsoft Visual Studio Solution File, Format Version 12.00
# Visual Studio Version 17
VisualStudioVersion = 17.8.34330.188
MinimumVisualStudioVersion = 10.0.40219.1
Project("{9A19103F-16F7-4668-BE54-9A1E7A4F7556}") = "BlazorWebAssemblyProjectTest.Server", "Server\BlazorWebAssemblyProjectTest.Server.csproj", "{FDE71C8C-8AAD-413B-9197-F8B8CD98EDDE}"
EndProject
Project("{9A19103F-16F7-4668-BE54-9A1E7A4F7556}") = "BlazorWebAssemblyProjectTest.Client", "Client\BlazorWebAssemblyProjectTest.Client.csproj", "{0D9241E2-D5F7-4E5C-BD48-1C8B1A1EF4A4}"
EndProject
Project("{9A19103F-16F7-4668-BE54-9A1E7A4F7556}") = "BlazorWebAssemblyProjectTest.Shared", "Shared\BlazorWebAssemblyProjectTest.Shared.csproj", "{5FA7D4C9-1A11-432A-BC53-4DD3170B3CE9}"
EndProject
Project("{FAE04EC0-301F-11D3-BF4B-00C04F79EFBC}") = "WebAPi", "..\WebAPi\WebAPi.csproj", "{6C884620-6FCA-4210-9C9D-D2CC29C753CD}"
EndProject
Global
	GlobalSection(SolutionConfigurationPlatforms) = preSolution
		Debug|Any CPU = Debug|Any CPU
		Release|Any CPU = Release|Any CPU
	EndGlobalSection
	GlobalSection(ProjectConfigurationPlatforms) = postSolution
		{FDE71C8C-8AAD-413B-9197-F8B8CD98EDDE}.Debug|Any CPU.ActiveCfg = Debug|Any CPU
		{FDE71C8C-8AAD-413B-9197-F8B8CD98EDDE}.Debug|Any CPU.Build.0 = Debug|Any CPU
		{FDE71C8C-8AAD-413B-9197-F8B8CD98EDDE}.Release|Any CPU.ActiveCfg = Release|Any CPU
		{FDE71C8C-8AAD-413B-9197-F8B8CD98EDDE}.Release|Any CPU.Build.0 = Release|Any CPU
		{0D9241E2-D5F7-4E5C-BD48-1C8B1A1EF4A4}.Debug|Any CPU.ActiveCfg = Debug|Any CPU
		{0D9241E2-D5F7-4E5C-BD48-1C8B1A1EF4A4}.Debug|Any CPU.Build.0 = Debug|Any CPU
		{0D9241E2-D5F7-4E5C-BD48-1C8B1A1EF4A4}.Release|Any CPU.ActiveCfg = Release|Any CPU
		{0D9241E2-D5F7-4E5C-BD48-1C8B1A1EF4A4}.Release|Any CPU.Build.0 = Release|Any CPU
		{5FA7D4C9-1A11-432A-BC53-4DD3170B3CE9}.Debug|Any CPU.ActiveCfg = Debug|Any CPU
		{5FA7D4C9-1A11-432A-BC53-4DD3170B3CE9}.Debug|Any CPU.Build.0 = Debug|Any CPU
		{5FA7D4C9-1A11-432A-BC53-4DD3170B3CE9}.Release|Any CPU.ActiveCfg = Release|Any CPU
		{5FA7D4C9-1A11-432A-BC53-4DD3170B3CE9}.Release|Any CPU.Build.0 = Release|Any CPU
		{6C884620-6FCA-4210-9C9D-D2CC29C753CD}.Debug|Any CPU.ActiveCfg = Debug|Any CPU
		{6C884620-6FCA-4210-9C9D-D2CC29C753CD}.Debug|Any CPU.Build.0 = Debug|Any CPU
		{6C884620-6FCA-4210-9C9D-D2CC29C753CD}.Release|Any CPU.ActiveCfg = Release|Any CPU
		{6C884620-6FCA-4210-9C9D-D2CC29C753CD}.Release|Any CPU.Build.0 = Release|Any CPU
	EndGlobalSection
	GlobalSection(SolutionProperties) = preSolution
		HideSolutionNode = FALSE
	EndGlobalSection
	GlobalSection(ExtensibilityGlobals) = postSolution
		SolutionGuid = {CA9FE40B-8F1D-4016-99DB-68D3AE0A4BF9}
	EndGlobalSection
EndGlobal
